
Microsoft Visual Studio Solution File, Format Version 11.00
# Visual Studio 2010
Project("{FAE04EC0-301F-11D3-BF4B-00C04F79EFBC}") = "GlobalManager", "GlobalManager\GlobalManager.csproj", "{24FE81CC-C4E0-4EDB-9A5C-A7FA3D7265D3}"
EndProject
Project("{FAE04EC0-301F-11D3-BF4B-00C04F79EFBC}") = "Framework", "Framework\Framework.csproj", "{CCCBF28E-CEC6-4797-8990-CFEB97A6D17E}"
EndProject
Project("{2150E333-8FDC-42A3-9474-1A3956D46DE8}") = "Tools", "Tools", "{CF9771E4-1CF5-4661-859F-176BE385AE64}"
EndProject
Project("{2150E333-8FDC-42A3-9474-1A3956D46DE8}") = "Core", "Core", "{D30212C8-93E9-4F49-ADC6-AB8B89A0E612}"
EndProject
Project("{FAE04EC0-301F-11D3-BF4B-00C04F79EFBC}") = "GatewayServer", "GatewayServer\GatewayServer.csproj", "{2EE68D56-61C6-4F1F-8F3B-FC5FA6A30A2D}"
EndProject
Project("{FAE04EC0-301F-11D3-BF4B-00C04F79EFBC}") = "DownloadServer", "DownloadServer\DownloadServer.csproj", "{F9BFCAFB-C4D1-4CBC-8B73-AB850E6C856A}"
EndProject
Project("{FAE04EC0-301F-11D3-BF4B-00C04F79EFBC}") = "GameServer", "GameServer\GameServer.csproj", "{058B5FCB-FD8F-4A71-840E-A61B96FE72E2}"
EndProject
Project("{FAE04EC0-301F-11D3-BF4B-00C04F79EFBC}") = "SAA", "SAA\SAA.csproj", "{92F3A739-4D59-4DCC-834C-06F51F564ABF}"
	ProjectSection(ProjectDependencies) = postProject
		{CCCBF28E-CEC6-4797-8990-CFEB97A6D17E} = {CCCBF28E-CEC6-4797-8990-CFEB97A6D17E}
	EndProjectSection
EndProject
Project("{FAE04EC0-301F-11D3-BF4B-00C04F79EFBC}") = "SilkroadEditor", "SilkroadEditor\SilkroadEditor.csproj", "{89178299-D6B7-440E-A781-AB53EB62F940}"
	ProjectSection(ProjectDependencies) = postProject
		{CCCBF28E-CEC6-4797-8990-CFEB97A6D17E} = {CCCBF28E-CEC6-4797-8990-CFEB97A6D17E}
	EndProjectSection
EndProject
Project("{FAE04EC0-301F-11D3-BF4B-00C04F79EFBC}") = "AgentServer", "AgentServer\AgentServer.csproj", "{CEA2A296-0A46-428E-9246-3DD102F8611D}"
EndProject
Project("{2150E333-8FDC-42A3-9474-1A3956D46DE8}") = "Documentation", "Documentation", "{E24C37F2-BB66-4D09-BC7C-0CBE4D2A6304}"
	ProjectSection(SolutionItems) = preProject
		GlobalManager.txt = GlobalManager.txt
	EndProjectSection
EndProject
Project("{2150E333-8FDC-42A3-9474-1A3956D46DE8}") = "Packets", "Packets", "{F4432A6B-06C0-4D90-B0CC-4E7979C6ACCE}"
EndProject
Project("{FAE04EC0-301F-11D3-BF4B-00C04F79EFBC}") = "SilkroadSniffer", "SilkroadSniffer\SilkroadSniffer.csproj", "{5DDCB69B-D666-4162-AD1B-32B0935B7FD4}"
EndProject
Project("{FAE04EC0-301F-11D3-BF4B-00C04F79EFBC}") = "MapTool", "MapTool\MapTool.csproj", "{5CE61A3D-37D7-4C5B-AE2F-8CE60B7DC77B}"
EndProject
Global
	GlobalSection(SolutionConfigurationPlatforms) = preSolution
		Debug|Any CPU = Debug|Any CPU
		Debug|Mixed Platforms = Debug|Mixed Platforms
		Debug|x86 = Debug|x86
		Release|Any CPU = Release|Any CPU
		Release|Mixed Platforms = Release|Mixed Platforms
		Release|x86 = Release|x86
	EndGlobalSection
	GlobalSection(ProjectConfigurationPlatforms) = postSolution
		{24FE81CC-C4E0-4EDB-9A5C-A7FA3D7265D3}.Debug|Any CPU.ActiveCfg = Debug|Any CPU
		{24FE81CC-C4E0-4EDB-9A5C-A7FA3D7265D3}.Debug|Any CPU.Build.0 = Debug|Any CPU
		{24FE81CC-C4E0-4EDB-9A5C-A7FA3D7265D3}.Debug|Mixed Platforms.ActiveCfg = Debug|Any CPU
		{24FE81CC-C4E0-4EDB-9A5C-A7FA3D7265D3}.Debug|Mixed Platforms.Build.0 = Debug|Any CPU
		{24FE81CC-C4E0-4EDB-9A5C-A7FA3D7265D3}.Debug|x86.ActiveCfg = Debug|x86
		{24FE81CC-C4E0-4EDB-9A5C-A7FA3D7265D3}.Debug|x86.Build.0 = Debug|x86
		{24FE81CC-C4E0-4EDB-9A5C-A7FA3D7265D3}.Release|Any CPU.ActiveCfg = Release|Any CPU
		{24FE81CC-C4E0-4EDB-9A5C-A7FA3D7265D3}.Release|Any CPU.Build.0 = Release|Any CPU
		{24FE81CC-C4E0-4EDB-9A5C-A7FA3D7265D3}.Release|Mixed Platforms.ActiveCfg = Release|Any CPU
		{24FE81CC-C4E0-4EDB-9A5C-A7FA3D7265D3}.Release|Mixed Platforms.Build.0 = Release|Any CPU
		{24FE81CC-C4E0-4EDB-9A5C-A7FA3D7265D3}.Release|x86.ActiveCfg = Release|x86
		{24FE81CC-C4E0-4EDB-9A5C-A7FA3D7265D3}.Release|x86.Build.0 = Release|x86
		{CCCBF28E-CEC6-4797-8990-CFEB97A6D17E}.Debug|Any CPU.ActiveCfg = Debug|Any CPU
		{CCCBF28E-CEC6-4797-8990-CFEB97A6D17E}.Debug|Any CPU.Build.0 = Debug|Any CPU
		{CCCBF28E-CEC6-4797-8990-CFEB97A6D17E}.Debug|Mixed Platforms.ActiveCfg = Debug|x86
		{CCCBF28E-CEC6-4797-8990-CFEB97A6D17E}.Debug|Mixed Platforms.Build.0 = Debug|x86
		{CCCBF28E-CEC6-4797-8990-CFEB97A6D17E}.Debug|x86.ActiveCfg = Debug|x86
		{CCCBF28E-CEC6-4797-8990-CFEB97A6D17E}.Debug|x86.Build.0 = Debug|x86
		{CCCBF28E-CEC6-4797-8990-CFEB97A6D17E}.Release|Any CPU.ActiveCfg = Release|Any CPU
		{CCCBF28E-CEC6-4797-8990-CFEB97A6D17E}.Release|Any CPU.Build.0 = Release|Any CPU
		{CCCBF28E-CEC6-4797-8990-CFEB97A6D17E}.Release|Mixed Platforms.ActiveCfg = Release|x86
		{CCCBF28E-CEC6-4797-8990-CFEB97A6D17E}.Release|Mixed Platforms.Build.0 = Release|x86
		{CCCBF28E-CEC6-4797-8990-CFEB97A6D17E}.Release|x86.ActiveCfg = Release|x86
		{CCCBF28E-CEC6-4797-8990-CFEB97A6D17E}.Release|x86.Build.0 = Release|x86
		{2EE68D56-61C6-4F1F-8F3B-FC5FA6A30A2D}.Debug|Any CPU.ActiveCfg = Debug|Any CPU
		{2EE68D56-61C6-4F1F-8F3B-FC5FA6A30A2D}.Debug|Any CPU.Build.0 = Debug|Any CPU
		{2EE68D56-61C6-4F1F-8F3B-FC5FA6A30A2D}.Debug|Mixed Platforms.ActiveCfg = Debug|Any CPU
		{2EE68D56-61C6-4F1F-8F3B-FC5FA6A30A2D}.Debug|Mixed Platforms.Build.0 = Debug|Any CPU
		{2EE68D56-61C6-4F1F-8F3B-FC5FA6A30A2D}.Debug|x86.ActiveCfg = Debug|x86
		{2EE68D56-61C6-4F1F-8F3B-FC5FA6A30A2D}.Debug|x86.Build.0 = Debug|x86
		{2EE68D56-61C6-4F1F-8F3B-FC5FA6A30A2D}.Release|Any CPU.ActiveCfg = Release|Any CPU
		{2EE68D56-61C6-4F1F-8F3B-FC5FA6A30A2D}.Release|Any CPU.Build.0 = Release|Any CPU
		{2EE68D56-61C6-4F1F-8F3B-FC5FA6A30A2D}.Release|Mixed Platforms.ActiveCfg = Release|Any CPU
		{2EE68D56-61C6-4F1F-8F3B-FC5FA6A30A2D}.Release|Mixed Platforms.Build.0 = Release|Any CPU
		{2EE68D56-61C6-4F1F-8F3B-FC5FA6A30A2D}.Release|x86.ActiveCfg = Release|x86
		{2EE68D56-61C6-4F1F-8F3B-FC5FA6A30A2D}.Release|x86.Build.0 = Release|x86
		{F9BFCAFB-C4D1-4CBC-8B73-AB850E6C856A}.Debug|Any CPU.ActiveCfg = Debug|Any CPU
		{F9BFCAFB-C4D1-4CBC-8B73-AB850E6C856A}.Debug|Any CPU.Build.0 = Debug|Any CPU
		{F9BFCAFB-C4D1-4CBC-8B73-AB850E6C856A}.Debug|Mixed Platforms.ActiveCfg = Debug|Any CPU
		{F9BFCAFB-C4D1-4CBC-8B73-AB850E6C856A}.Debug|Mixed Platforms.Build.0 = Debug|Any CPU
		{F9BFCAFB-C4D1-4CBC-8B73-AB850E6C856A}.Debug|x86.ActiveCfg = Debug|x86
		{F9BFCAFB-C4D1-4CBC-8B73-AB850E6C856A}.Debug|x86.Build.0 = Debug|x86
		{F9BFCAFB-C4D1-4CBC-8B73-AB850E6C856A}.Release|Any CPU.ActiveCfg = Release|Any CPU
		{F9BFCAFB-C4D1-4CBC-8B73-AB850E6C856A}.Release|Any CPU.Build.0 = Release|Any CPU
		{F9BFCAFB-C4D1-4CBC-8B73-AB850E6C856A}.Release|Mixed Platforms.ActiveCfg = Release|Any CPU
		{F9BFCAFB-C4D1-4CBC-8B73-AB850E6C856A}.Release|Mixed Platforms.Build.0 = Release|Any CPU
		{F9BFCAFB-C4D1-4CBC-8B73-AB850E6C856A}.Release|x86.ActiveCfg = Release|x86
		{F9BFCAFB-C4D1-4CBC-8B73-AB850E6C856A}.Release|x86.Build.0 = Release|x86
		{058B5FCB-FD8F-4A71-840E-A61B96FE72E2}.Debug|Any CPU.ActiveCfg = Debug|Any CPU
		{058B5FCB-FD8F-4A71-840E-A61B96FE72E2}.Debug|Any CPU.Build.0 = Debug|Any CPU
		{058B5FCB-FD8F-4A71-840E-A61B96FE72E2}.Debug|Mixed Platforms.ActiveCfg = Debug|Any CPU
		{058B5FCB-FD8F-4A71-840E-A61B96FE72E2}.Debug|Mixed Platforms.Build.0 = Debug|Any CPU
		{058B5FCB-FD8F-4A71-840E-A61B96FE72E2}.Debug|x86.ActiveCfg = Debug|x86
		{058B5FCB-FD8F-4A71-840E-A61B96FE72E2}.Debug|x86.Build.0 = Debug|x86
		{058B5FCB-FD8F-4A71-840E-A61B96FE72E2}.Release|Any CPU.ActiveCfg = Release|Any CPU
		{058B5FCB-FD8F-4A71-840E-A61B96FE72E2}.Release|Any CPU.Build.0 = Release|Any CPU
		{058B5FCB-FD8F-4A71-840E-A61B96FE72E2}.Release|Mixed Platforms.ActiveCfg = Release|Any CPU
		{058B5FCB-FD8F-4A71-840E-A61B96FE72E2}.Release|Mixed Platforms.Build.0 = Release|Any CPU
		{058B5FCB-FD8F-4A71-840E-A61B96FE72E2}.Release|x86.ActiveCfg = Release|x86
		{058B5FCB-FD8F-4A71-840E-A61B96FE72E2}.Release|x86.Build.0 = Release|x86
		{92F3A739-4D59-4DCC-834C-06F51F564ABF}.Debug|Any CPU.ActiveCfg = Debug|Any CPU
		{92F3A739-4D59-4DCC-834C-06F51F564ABF}.Debug|Any CPU.Build.0 = Debug|Any CPU
		{92F3A739-4D59-4DCC-834C-06F51F564ABF}.Debug|Mixed Platforms.ActiveCfg = Debug|Any CPU
		{92F3A739-4D59-4DCC-834C-06F51F564ABF}.Debug|Mixed Platforms.Build.0 = Debug|Any CPU
		{92F3A739-4D59-4DCC-834C-06F51F564ABF}.Debug|x86.ActiveCfg = Debug|x86
		{92F3A739-4D59-4DCC-834C-06F51F564ABF}.Debug|x86.Build.0 = Debug|x86
		{92F3A739-4D59-4DCC-834C-06F51F564ABF}.Release|Any CPU.ActiveCfg = Release|Any CPU
		{92F3A739-4D59-4DCC-834C-06F51F564ABF}.Release|Any CPU.Build.0 = Release|Any CPU
		{92F3A739-4D59-4DCC-834C-06F51F564ABF}.Release|Mixed Platforms.ActiveCfg = Release|Any CPU
		{92F3A739-4D59-4DCC-834C-06F51F564ABF}.Release|Mixed Platforms.Build.0 = Release|Any CPU
		{92F3A739-4D59-4DCC-834C-06F51F564ABF}.Release|x86.ActiveCfg = Release|x86
		{92F3A739-4D59-4DCC-834C-06F51F564ABF}.Release|x86.Build.0 = Release|x86
		{89178299-D6B7-440E-A781-AB53EB62F940}.Debug|Any CPU.ActiveCfg = Debug|Any CPU
		{89178299-D6B7-440E-A781-AB53EB62F940}.Debug|Any CPU.Build.0 = Debug|Any CPU
		{89178299-D6B7-440E-A781-AB53EB62F940}.Debug|Mixed Platforms.ActiveCfg = Debug|Any CPU
		{89178299-D6B7-440E-A781-AB53EB62F940}.Debug|Mixed Platforms.Build.0 = Debug|Any CPU
		{89178299-D6B7-440E-A781-AB53EB62F940}.Debug|x86.ActiveCfg = Debug|x86
		{89178299-D6B7-440E-A781-AB53EB62F940}.Debug|x86.Build.0 = Debug|x86
		{89178299-D6B7-440E-A781-AB53EB62F940}.Release|Any CPU.ActiveCfg = Release|Any CPU
		{89178299-D6B7-440E-A781-AB53EB62F940}.Release|Any CPU.Build.0 = Release|Any CPU
		{89178299-D6B7-440E-A781-AB53EB62F940}.Release|Mixed Platforms.ActiveCfg = Release|Any CPU
		{89178299-D6B7-440E-A781-AB53EB62F940}.Release|Mixed Platforms.Build.0 = Release|Any CPU
		{89178299-D6B7-440E-A781-AB53EB62F940}.Release|x86.ActiveCfg = Release|x86
		{89178299-D6B7-440E-A781-AB53EB62F940}.Release|x86.Build.0 = Release|x86
		{CEA2A296-0A46-428E-9246-3DD102F8611D}.Debug|Any CPU.ActiveCfg = Debug|Any CPU
		{CEA2A296-0A46-428E-9246-3DD102F8611D}.Debug|Any CPU.Build.0 = Debug|Any CPU
		{CEA2A296-0A46-428E-9246-3DD102F8611D}.Debug|Mixed Platforms.ActiveCfg = Debug|Any CPU
		{CEA2A296-0A46-428E-9246-3DD102F8611D}.Debug|Mixed Platforms.Build.0 = Debug|Any CPU
		{CEA2A296-0A46-428E-9246-3DD102F8611D}.Debug|x86.ActiveCfg = Debug|x86
		{CEA2A296-0A46-428E-9246-3DD102F8611D}.Debug|x86.Build.0 = Debug|x86
		{CEA2A296-0A46-428E-9246-3DD102F8611D}.Release|Any CPU.ActiveCfg = Release|Any CPU
		{CEA2A296-0A46-428E-9246-3DD102F8611D}.Release|Any CPU.Build.0 = Release|Any CPU
		{CEA2A296-0A46-428E-9246-3DD102F8611D}.Release|Mixed Platforms.ActiveCfg = Release|Any CPU
		{CEA2A296-0A46-428E-9246-3DD102F8611D}.Release|Mixed Platforms.Build.0 = Release|Any CPU
		{CEA2A296-0A46-428E-9246-3DD102F8611D}.Release|x86.ActiveCfg = Release|x86
		{CEA2A296-0A46-428E-9246-3DD102F8611D}.Release|x86.Build.0 = Release|x86
		{5DDCB69B-D666-4162-AD1B-32B0935B7FD4}.Debug|Any CPU.ActiveCfg = Debug|Any CPU
		{5DDCB69B-D666-4162-AD1B-32B0935B7FD4}.Debug|Any CPU.Build.0 = Debug|Any CPU
		{5DDCB69B-D666-4162-AD1B-32B0935B7FD4}.Debug|Mixed Platforms.ActiveCfg = Debug|Any CPU
		{5DDCB69B-D666-4162-AD1B-32B0935B7FD4}.Debug|Mixed Platforms.Build.0 = Debug|Any CPU
		{5DDCB69B-D666-4162-AD1B-32B0935B7FD4}.Debug|x86.ActiveCfg = Debug|Any CPU
		{5DDCB69B-D666-4162-AD1B-32B0935B7FD4}.Release|Any CPU.ActiveCfg = Release|Any CPU
		{5DDCB69B-D666-4162-AD1B-32B0935B7FD4}.Release|Any CPU.Build.0 = Release|Any CPU
		{5DDCB69B-D666-4162-AD1B-32B0935B7FD4}.Release|Mixed Platforms.ActiveCfg = Release|Any CPU
		{5DDCB69B-D666-4162-AD1B-32B0935B7FD4}.Release|Mixed Platforms.Build.0 = Release|Any CPU
		{5DDCB69B-D666-4162-AD1B-32B0935B7FD4}.Release|x86.ActiveCfg = Release|Any CPU
		{5CE61A3D-37D7-4C5B-AE2F-8CE60B7DC77B}.Debug|Any CPU.ActiveCfg = Debug|x86
		{5CE61A3D-37D7-4C5B-AE2F-8CE60B7DC77B}.Debug|Mixed Platforms.ActiveCfg = Debug|x86
		{5CE61A3D-37D7-4C5B-AE2F-8CE60B7DC77B}.Debug|Mixed Platforms.Build.0 = Debug|x86
		{5CE61A3D-37D7-4C5B-AE2F-8CE60B7DC77B}.Debug|x86.ActiveCfg = Debug|x86
		{5CE61A3D-37D7-4C5B-AE2F-8CE60B7DC77B}.Debug|x86.Build.0 = Debug|x86
		{5CE61A3D-37D7-4C5B-AE2F-8CE60B7DC77B}.Release|Any CPU.ActiveCfg = Release|x86
		{5CE61A3D-37D7-4C5B-AE2F-8CE60B7DC77B}.Release|Mixed Platforms.ActiveCfg = Release|x86
		{5CE61A3D-37D7-4C5B-AE2F-8CE60B7DC77B}.Release|Mixed Platforms.Build.0 = Release|x86
		{5CE61A3D-37D7-4C5B-AE2F-8CE60B7DC77B}.Release|x86.ActiveCfg = Release|x86
		{5CE61A3D-37D7-4C5B-AE2F-8CE60B7DC77B}.Release|x86.Build.0 = Release|x86
	EndGlobalSection
	GlobalSection(SolutionProperties) = preSolution
		HideSolutionNode = FALSE
	EndGlobalSection
	GlobalSection(NestedProjects) = preSolution
		{92F3A739-4D59-4DCC-834C-06F51F564ABF} = {CF9771E4-1CF5-4661-859F-176BE385AE64}
		{89178299-D6B7-440E-A781-AB53EB62F940} = {CF9771E4-1CF5-4661-859F-176BE385AE64}
		{5DDCB69B-D666-4162-AD1B-32B0935B7FD4} = {CF9771E4-1CF5-4661-859F-176BE385AE64}
		{5CE61A3D-37D7-4C5B-AE2F-8CE60B7DC77B} = {CF9771E4-1CF5-4661-859F-176BE385AE64}
		{2EE68D56-61C6-4F1F-8F3B-FC5FA6A30A2D} = {D30212C8-93E9-4F49-ADC6-AB8B89A0E612}
		{F9BFCAFB-C4D1-4CBC-8B73-AB850E6C856A} = {D30212C8-93E9-4F49-ADC6-AB8B89A0E612}
		{058B5FCB-FD8F-4A71-840E-A61B96FE72E2} = {D30212C8-93E9-4F49-ADC6-AB8B89A0E612}
		{CEA2A296-0A46-428E-9246-3DD102F8611D} = {D30212C8-93E9-4F49-ADC6-AB8B89A0E612}
		{F4432A6B-06C0-4D90-B0CC-4E7979C6ACCE} = {E24C37F2-BB66-4D09-BC7C-0CBE4D2A6304}
	EndGlobalSection
	GlobalSection(ExtensibilityGlobals) = postSolution
		BuildVersion_BuildVersioningStyle = None.None.Increment.None
		BuildVersion_UpdateAssemblyVersion = True
		BuildVersion_UpdateFileVersion = False
		BuildVersion_StartDate = 2000/1/1
		BuildVersion_UseGlobalSettings = True
	EndGlobalSection
EndGlobal
