
Microsoft Visual Studio Solution File, Format Version 11.00
# Visual Studio 2010
Project("{FAE04EC0-301F-11D3-BF4B-00C04F79EFBC}") = "GlobalManager", "GlobalManager\GlobalManager.csproj", "{24FE81CC-C4E0-4EDB-9A5C-A7FA3D7265D3}"
EndProject
Project("{FAE04EC0-301F-11D3-BF4B-00C04F79EFBC}") = "Framework", "Framework\Framework.csproj", "{CCCBF28E-CEC6-4797-8990-CFEB97A6D17E}"
EndProject
Project("{2150E333-8FDC-42A3-9474-1A3956D46DE8}") = "Tools", "Tools", "{CF9771E4-1CF5-4661-859F-176BE385AE64}"
EndProject
Project("{2150E333-8FDC-42A3-9474-1A3956D46DE8}") = "Core", "Core", "{D30212C8-93E9-4F49-ADC6-AB8B89A0E612}"
EndProject
Project("{FAE04EC0-301F-11D3-BF4B-00C04F79EFBC}") = "GatewayServer", "GatewayServer\GatewayServer.csproj", "{2EE68D56-61C6-4F1F-8F3B-FC5FA6A30A2D}"
EndProject
Project("{FAE04EC0-301F-11D3-BF4B-00C04F79EFBC}") = "DownloadServer", "DownloadServer\DownloadServer.csproj", "{F9BFCAFB-C4D1-4CBC-8B73-AB850E6C856A}"
EndProject
Project("{FAE04EC0-301F-11D3-BF4B-00C04F79EFBC}") = "GameServer", "GameServer\GameServer.csproj", "{058B5FCB-FD8F-4A71-840E-A61B96FE72E2}"
EndProject
Project("{FAE04EC0-301F-11D3-BF4B-00C04F79EFBC}") = "SAA", "SAA\SAA.csproj", "{92F3A739-4D59-4DCC-834C-06F51F564ABF}"
	ProjectSection(ProjectDependencies) = postProject
		{CCCBF28E-CEC6-4797-8990-CFEB97A6D17E} = {CCCBF28E-CEC6-4797-8990-CFEB97A6D17E}
	EndProjectSection
EndProject
Project("{FAE04EC0-301F-11D3-BF4B-00C04F79EFBC}") = "SilkroadEditor", "SilkroadEditor\SilkroadEditor.csproj", "{89178299-D6B7-440E-A781-AB53EB62F940}"
	ProjectSection(ProjectDependencies) = postProject
		{CCCBF28E-CEC6-4797-8990-CFEB97A6D17E} = {CCCBF28E-CEC6-4797-8990-CFEB97A6D17E}
	EndProjectSection
EndProject
Project("{FAE04EC0-301F-11D3-BF4B-00C04F79EFBC}") = "AgentServer", "AgentServer\AgentServer.csproj", "{CEA2A296-0A46-428E-9246-3DD102F8611D}"
EndProject
Project("{FAE04EC0-301F-11D3-BF4B-00C04F79EFBC}") = "MachineManager", "MachineManager\MachineManager.csproj", "{7858C5C6-97DB-4BFF-8380-25DD71DD6A35}"
EndProject
Project("{2150E333-8FDC-42A3-9474-1A3956D46DE8}") = "Documentation", "Documentation", "{E24C37F2-BB66-4D09-BC7C-0CBE4D2A6304}"
	ProjectSection(SolutionItems) = preProject
		GlobalManager.txt = GlobalManager.txt
	EndProjectSection
EndProject
Project("{2150E333-8FDC-42A3-9474-1A3956D46DE8}") = "Packets", "Packets", "{F4432A6B-06C0-4D90-B0CC-4E7979C6ACCE}"
EndProject
Global
	GlobalSection(SolutionConfigurationPlatforms) = preSolution
		Debug|Both = Debug|Both
		Release|Both = Release|Both
	EndGlobalSection
	GlobalSection(ProjectConfigurationPlatforms) = postSolution
		{24FE81CC-C4E0-4EDB-9A5C-A7FA3D7265D3}.Debug|Both.ActiveCfg = Debug|Any CPU
		{24FE81CC-C4E0-4EDB-9A5C-A7FA3D7265D3}.Debug|Both.Build.0 = Debug|Any CPU
		{24FE81CC-C4E0-4EDB-9A5C-A7FA3D7265D3}.Release|Both.ActiveCfg = Release|Any CPU
		{24FE81CC-C4E0-4EDB-9A5C-A7FA3D7265D3}.Release|Both.Build.0 = Release|Any CPU
		{CCCBF28E-CEC6-4797-8990-CFEB97A6D17E}.Debug|Both.ActiveCfg = Debug|Any CPU
		{CCCBF28E-CEC6-4797-8990-CFEB97A6D17E}.Debug|Both.Build.0 = Debug|Any CPU
		{CCCBF28E-CEC6-4797-8990-CFEB97A6D17E}.Release|Both.ActiveCfg = Release|Any CPU
		{CCCBF28E-CEC6-4797-8990-CFEB97A6D17E}.Release|Both.Build.0 = Release|Any CPU
		{2EE68D56-61C6-4F1F-8F3B-FC5FA6A30A2D}.Debug|Both.ActiveCfg = Debug|Any CPU
		{2EE68D56-61C6-4F1F-8F3B-FC5FA6A30A2D}.Debug|Both.Build.0 = Debug|Any CPU
		{2EE68D56-61C6-4F1F-8F3B-FC5FA6A30A2D}.Release|Both.ActiveCfg = Release|Any CPU
		{2EE68D56-61C6-4F1F-8F3B-FC5FA6A30A2D}.Release|Both.Build.0 = Release|Any CPU
		{F9BFCAFB-C4D1-4CBC-8B73-AB850E6C856A}.Debug|Both.ActiveCfg = Debug|Any CPU
		{F9BFCAFB-C4D1-4CBC-8B73-AB850E6C856A}.Debug|Both.Build.0 = Debug|Any CPU
		{F9BFCAFB-C4D1-4CBC-8B73-AB850E6C856A}.Release|Both.ActiveCfg = Release|Any CPU
		{F9BFCAFB-C4D1-4CBC-8B73-AB850E6C856A}.Release|Both.Build.0 = Release|Any CPU
		{058B5FCB-FD8F-4A71-840E-A61B96FE72E2}.Debug|Both.ActiveCfg = Debug|Any CPU
		{058B5FCB-FD8F-4A71-840E-A61B96FE72E2}.Debug|Both.Build.0 = Debug|Any CPU
		{058B5FCB-FD8F-4A71-840E-A61B96FE72E2}.Release|Both.ActiveCfg = Release|Any CPU
		{058B5FCB-FD8F-4A71-840E-A61B96FE72E2}.Release|Both.Build.0 = Release|Any CPU
		{92F3A739-4D59-4DCC-834C-06F51F564ABF}.Debug|Both.ActiveCfg = Debug|Any CPU
		{92F3A739-4D59-4DCC-834C-06F51F564ABF}.Debug|Both.Build.0 = Debug|Any CPU
		{92F3A739-4D59-4DCC-834C-06F51F564ABF}.Release|Both.ActiveCfg = Release|Any CPU
		{92F3A739-4D59-4DCC-834C-06F51F564ABF}.Release|Both.Build.0 = Release|Any CPU
		{89178299-D6B7-440E-A781-AB53EB62F940}.Debug|Both.ActiveCfg = Debug|Any CPU
		{89178299-D6B7-440E-A781-AB53EB62F940}.Debug|Both.Build.0 = Debug|Any CPU
		{89178299-D6B7-440E-A781-AB53EB62F940}.Release|Both.ActiveCfg = Release|Any CPU
		{89178299-D6B7-440E-A781-AB53EB62F940}.Release|Both.Build.0 = Release|Any CPU
		{CEA2A296-0A46-428E-9246-3DD102F8611D}.Debug|Both.ActiveCfg = Debug|Any CPU
		{CEA2A296-0A46-428E-9246-3DD102F8611D}.Debug|Both.Build.0 = Debug|Any CPU
		{CEA2A296-0A46-428E-9246-3DD102F8611D}.Release|Both.ActiveCfg = Release|Any CPU
		{CEA2A296-0A46-428E-9246-3DD102F8611D}.Release|Both.Build.0 = Release|Any CPU
		{7858C5C6-97DB-4BFF-8380-25DD71DD6A35}.Debug|Both.ActiveCfg = Debug|Any CPU
		{7858C5C6-97DB-4BFF-8380-25DD71DD6A35}.Debug|Both.Build.0 = Debug|Any CPU
		{7858C5C6-97DB-4BFF-8380-25DD71DD6A35}.Release|Both.ActiveCfg = Release|Any CPU
		{7858C5C6-97DB-4BFF-8380-25DD71DD6A35}.Release|Both.Build.0 = Release|Any CPU
	EndGlobalSection
	GlobalSection(SolutionProperties) = preSolution
		HideSolutionNode = FALSE
	EndGlobalSection
	GlobalSection(NestedProjects) = preSolution
		{92F3A739-4D59-4DCC-834C-06F51F564ABF} = {CF9771E4-1CF5-4661-859F-176BE385AE64}
		{89178299-D6B7-440E-A781-AB53EB62F940} = {CF9771E4-1CF5-4661-859F-176BE385AE64}
		{2EE68D56-61C6-4F1F-8F3B-FC5FA6A30A2D} = {D30212C8-93E9-4F49-ADC6-AB8B89A0E612}
		{F9BFCAFB-C4D1-4CBC-8B73-AB850E6C856A} = {D30212C8-93E9-4F49-ADC6-AB8B89A0E612}
		{058B5FCB-FD8F-4A71-840E-A61B96FE72E2} = {D30212C8-93E9-4F49-ADC6-AB8B89A0E612}
		{CEA2A296-0A46-428E-9246-3DD102F8611D} = {D30212C8-93E9-4F49-ADC6-AB8B89A0E612}
		{7858C5C6-97DB-4BFF-8380-25DD71DD6A35} = {D30212C8-93E9-4F49-ADC6-AB8B89A0E612}
		{F4432A6B-06C0-4D90-B0CC-4E7979C6ACCE} = {E24C37F2-BB66-4D09-BC7C-0CBE4D2A6304}
	EndGlobalSection
	GlobalSection(ExtensibilityGlobals) = postSolution
		BuildVersion_UseGlobalSettings = True
		BuildVersion_StartDate = 2000/1/1
		BuildVersion_UpdateFileVersion = False
		BuildVersion_UpdateAssemblyVersion = True
		BuildVersion_BuildVersioningStyle = None.None.Increment.None
	EndGlobalSection
EndGlobal
